
Microsoft Visual Studio Solution File, Format Version 12.00
# Visual Studio Version 16
VisualStudioVersion = 16.0.29009.5
MinimumVisualStudioVersion = 10.0.40219.1
Project("{9A19103F-16F7-4668-BE54-9A1E7A4F7556}") = "Prakrishta.DataMapper.Sample", "Prakrishta.DataMapper.Sample\Prakrishta.DataMapper.Sample.csproj", "{D71B5B43-5418-4DB0-AD0D-AAC3827D8CE6}"
EndProject
Project("{9A19103F-16F7-4668-BE54-9A1E7A4F7556}") = "Prakrishta.DataMapper", "Prakrishta.DataMapper\Prakrishta.DataMapper.csproj", "{C3B3889C-C585-457A-9227-24AFD5F8DCEA}"
EndProject
Global
	GlobalSection(SolutionConfigurationPlatforms) = preSolution
		Debug|Any CPU = Debug|Any CPU
		Release|Any CPU = Release|Any CPU
	EndGlobalSection
	GlobalSection(ProjectConfigurationPlatforms) = postSolution
		{D71B5B43-5418-4DB0-AD0D-AAC3827D8CE6}.Debug|Any CPU.ActiveCfg = Debug|Any CPU
		{D71B5B43-5418-4DB0-AD0D-AAC3827D8CE6}.Debug|Any CPU.Build.0 = Debug|Any CPU
		{D71B5B43-5418-4DB0-AD0D-AAC3827D8CE6}.Release|Any CPU.ActiveCfg = Release|Any CPU
		{D71B5B43-5418-4DB0-AD0D-AAC3827D8CE6}.Release|Any CPU.Build.0 = Release|Any CPU
		{C3B3889C-C585-457A-9227-24AFD5F8DCEA}.Debug|Any CPU.ActiveCfg = Debug|Any CPU
		{C3B3889C-C585-457A-9227-24AFD5F8DCEA}.Debug|Any CPU.Build.0 = Debug|Any CPU
		{C3B3889C-C585-457A-9227-24AFD5F8DCEA}.Release|Any CPU.ActiveCfg = Release|Any CPU
		{C3B3889C-C585-457A-9227-24AFD5F8DCEA}.Release|Any CPU.Build.0 = Release|Any CPU
	EndGlobalSection
	GlobalSection(SolutionProperties) = preSolution
		HideSolutionNode = FALSE
	EndGlobalSection
	GlobalSection(ExtensibilityGlobals) = postSolution
		SolutionGuid = {B396CE71-8399-4CB7-A4D6-9C7654F8F9AE}
	EndGlobalSection
EndGlobal
